
Microsoft Visual Studio Solution File, Format Version 12.00
# Visual Studio Version 17
VisualStudioVersion = 17.1.32421.90
MinimumVisualStudioVersion = 10.0.40219.1
Project("{2150E333-8FDC-42A3-9474-1A3956D46DE8}") = "src", "src", "{9D0B1486-1105-43D5-947C-DCE18BCE99FA}"
EndProject
Project("{2150E333-8FDC-42A3-9474-1A3956D46DE8}") = "Core", "Core", "{962C3B50-BEBB-4FD9-8CAB-A3A08B6080DB}"
EndProject
Project("{2150E333-8FDC-42A3-9474-1A3956D46DE8}") = "Infrastructure", "Infrastructure", "{7D20427D-4559-408E-BB45-2F606D7927B8}"
EndProject
Project("{2150E333-8FDC-42A3-9474-1A3956D46DE8}") = "WebApi", "WebApi", "{762FCC36-8342-4388-94F0-411DCED6CA58}"
EndProject
Project("{FAE04EC0-301F-11D3-BF4B-00C04F79EFBC}") = "Application", "Application\Application.csproj", "{032F36BD-EEB0-4EF7-8674-27B367070125}"
EndProject
Project("{FAE04EC0-301F-11D3-BF4B-00C04F79EFBC}") = "Domain", "Domain\Domain.csproj", "{E2C7A533-91AA-475B-B312-5471FE024631}"
EndProject
Project("{FAE04EC0-301F-11D3-BF4B-00C04F79EFBC}") = "Infrastructure.Persistence", "Infrastructure.Persistence\Infrastructure.Persistence.csproj", "{626D4CDA-235E-421F-846C-FAB9A0C06C8E}"
EndProject
Project("{FAE04EC0-301F-11D3-BF4B-00C04F79EFBC}") = "Infrastructure.Shared", "Infrastructure.Shared\Infrastructure.Shared.csproj", "{00C14077-93A3-4CCD-AAC0-87E93D441B48}"
EndProject
Project("{FAE04EC0-301F-11D3-BF4B-00C04F79EFBC}") = "WebAPI", "WebApi\WebApi\WebAPI\WebAPI.csproj", "{E12C5DD8-4BF7-43D3-B3F6-50D37FEAFB53}"
EndProject
Global
	GlobalSection(SolutionConfigurationPlatforms) = preSolution
		Debug|Any CPU = Debug|Any CPU
		Release|Any CPU = Release|Any CPU
	EndGlobalSection
	GlobalSection(ProjectConfigurationPlatforms) = postSolution
		{032F36BD-EEB0-4EF7-8674-27B367070125}.Debug|Any CPU.ActiveCfg = Debug|Any CPU
		{032F36BD-EEB0-4EF7-8674-27B367070125}.Debug|Any CPU.Build.0 = Debug|Any CPU
		{032F36BD-EEB0-4EF7-8674-27B367070125}.Release|Any CPU.ActiveCfg = Release|Any CPU
		{032F36BD-EEB0-4EF7-8674-27B367070125}.Release|Any CPU.Build.0 = Release|Any CPU
		{E2C7A533-91AA-475B-B312-5471FE024631}.Debug|Any CPU.ActiveCfg = Debug|Any CPU
		{E2C7A533-91AA-475B-B312-5471FE024631}.Debug|Any CPU.Build.0 = Debug|Any CPU
		{E2C7A533-91AA-475B-B312-5471FE024631}.Release|Any CPU.ActiveCfg = Release|Any CPU
		{E2C7A533-91AA-475B-B312-5471FE024631}.Release|Any CPU.Build.0 = Release|Any CPU
		{626D4CDA-235E-421F-846C-FAB9A0C06C8E}.Debug|Any CPU.ActiveCfg = Debug|Any CPU
		{626D4CDA-235E-421F-846C-FAB9A0C06C8E}.Debug|Any CPU.Build.0 = Debug|Any CPU
		{626D4CDA-235E-421F-846C-FAB9A0C06C8E}.Release|Any CPU.ActiveCfg = Release|Any CPU
		{626D4CDA-235E-421F-846C-FAB9A0C06C8E}.Release|Any CPU.Build.0 = Release|Any CPU
		{00C14077-93A3-4CCD-AAC0-87E93D441B48}.Debug|Any CPU.ActiveCfg = Debug|Any CPU
		{00C14077-93A3-4CCD-AAC0-87E93D441B48}.Debug|Any CPU.Build.0 = Debug|Any CPU
		{00C14077-93A3-4CCD-AAC0-87E93D441B48}.Release|Any CPU.ActiveCfg = Release|Any CPU
		{00C14077-93A3-4CCD-AAC0-87E93D441B48}.Release|Any CPU.Build.0 = Release|Any CPU
		{E12C5DD8-4BF7-43D3-B3F6-50D37FEAFB53}.Debug|Any CPU.ActiveCfg = Debug|Any CPU
		{E12C5DD8-4BF7-43D3-B3F6-50D37FEAFB53}.Debug|Any CPU.Build.0 = Debug|Any CPU
		{E12C5DD8-4BF7-43D3-B3F6-50D37FEAFB53}.Release|Any CPU.ActiveCfg = Release|Any CPU
		{E12C5DD8-4BF7-43D3-B3F6-50D37FEAFB53}.Release|Any CPU.Build.0 = Release|Any CPU
	EndGlobalSection
	GlobalSection(SolutionProperties) = preSolution
		HideSolutionNode = FALSE
	EndGlobalSection
	GlobalSection(NestedProjects) = preSolution
		{962C3B50-BEBB-4FD9-8CAB-A3A08B6080DB} = {9D0B1486-1105-43D5-947C-DCE18BCE99FA}
		{7D20427D-4559-408E-BB45-2F606D7927B8} = {9D0B1486-1105-43D5-947C-DCE18BCE99FA}
		{762FCC36-8342-4388-94F0-411DCED6CA58} = {9D0B1486-1105-43D5-947C-DCE18BCE99FA}
		{032F36BD-EEB0-4EF7-8674-27B367070125} = {962C3B50-BEBB-4FD9-8CAB-A3A08B6080DB}
		{E2C7A533-91AA-475B-B312-5471FE024631} = {962C3B50-BEBB-4FD9-8CAB-A3A08B6080DB}
		{626D4CDA-235E-421F-846C-FAB9A0C06C8E} = {7D20427D-4559-408E-BB45-2F606D7927B8}
		{00C14077-93A3-4CCD-AAC0-87E93D441B48} = {7D20427D-4559-408E-BB45-2F606D7927B8}
		{E12C5DD8-4BF7-43D3-B3F6-50D37FEAFB53} = {762FCC36-8342-4388-94F0-411DCED6CA58}
	EndGlobalSection
	GlobalSection(ExtensibilityGlobals) = postSolution
		SolutionGuid = {197BC8EF-ECCB-4F83-A65F-9C5E3415CB63}
	EndGlobalSection
EndGlobal
